
Microsoft Visual Studio Solution File, Format Version 12.00
# Visual Studio Version 17
VisualStudioVersion = 17.11.35312.102
MinimumVisualStudioVersion = 10.0.40219.1
Project("{9A19103F-16F7-4668-BE54-9A1E7A4F7556}") = "FaiseStock.API", "FaiseStock.API\FaiseStock.API.csproj", "{32D65316-BD18-4AD9-8AA9-CBE9F5A77774}"
EndProject
Project("{9A19103F-16F7-4668-BE54-9A1E7A4F7556}") = "FaiseStock.Data", "FaiseStock.Data\FaiseStock.Data.csproj", "{9D5180F0-CDA7-4DBD-ABAE-292C5F59FC5C}"
EndProject
Project("{2150E333-8FDC-42A3-9474-1A3956D46DE8}") = "Solution Items", "Solution Items", "{B956D173-9FD4-4F68-9FAF-559E90D492B8}"
	ProjectSection(SolutionItems) = preProject
		note_steps.txt = note_steps.txt
	EndProjectSection
EndProject
Project("{9A19103F-16F7-4668-BE54-9A1E7A4F7556}") = "FaiseStock.Utilities", "FaiseStock.Utilities\FaiseStock.Utilities.csproj", "{6FB003B0-8B63-4A5D-804A-72B68B2E2496}"
EndProject
Project("{9A19103F-16F7-4668-BE54-9A1E7A4F7556}") = "FaiseStock.Jobs", "FaiseStock.Jobs\FaiseStock.Jobs.csproj", "{034B4BE8-DDD6-4F8F-B55E-4A352F46003F}"
EndProject
Project("{9A19103F-16F7-4668-BE54-9A1E7A4F7556}") = "FaiseStock.Middlewares", "FaiseStock.Middlewares\FaiseStock.Middlewares.csproj", "{96947749-9BDA-4E8B-8024-7129BF8125A9}"
EndProject
Global
	GlobalSection(SolutionConfigurationPlatforms) = preSolution
		Debug|Any CPU = Debug|Any CPU
		Release|Any CPU = Release|Any CPU
	EndGlobalSection
	GlobalSection(ProjectConfigurationPlatforms) = postSolution
		{32D65316-BD18-4AD9-8AA9-CBE9F5A77774}.Debug|Any CPU.ActiveCfg = Debug|Any CPU
		{32D65316-BD18-4AD9-8AA9-CBE9F5A77774}.Debug|Any CPU.Build.0 = Debug|Any CPU
		{32D65316-BD18-4AD9-8AA9-CBE9F5A77774}.Release|Any CPU.ActiveCfg = Release|Any CPU
		{32D65316-BD18-4AD9-8AA9-CBE9F5A77774}.Release|Any CPU.Build.0 = Release|Any CPU
		{9D5180F0-CDA7-4DBD-ABAE-292C5F59FC5C}.Debug|Any CPU.ActiveCfg = Debug|Any CPU
		{9D5180F0-CDA7-4DBD-ABAE-292C5F59FC5C}.Debug|Any CPU.Build.0 = Debug|Any CPU
		{9D5180F0-CDA7-4DBD-ABAE-292C5F59FC5C}.Release|Any CPU.ActiveCfg = Release|Any CPU
		{9D5180F0-CDA7-4DBD-ABAE-292C5F59FC5C}.Release|Any CPU.Build.0 = Release|Any CPU
		{6FB003B0-8B63-4A5D-804A-72B68B2E2496}.Debug|Any CPU.ActiveCfg = Debug|Any CPU
		{6FB003B0-8B63-4A5D-804A-72B68B2E2496}.Debug|Any CPU.Build.0 = Debug|Any CPU
		{6FB003B0-8B63-4A5D-804A-72B68B2E2496}.Release|Any CPU.ActiveCfg = Release|Any CPU
		{6FB003B0-8B63-4A5D-804A-72B68B2E2496}.Release|Any CPU.Build.0 = Release|Any CPU
		{034B4BE8-DDD6-4F8F-B55E-4A352F46003F}.Debug|Any CPU.ActiveCfg = Debug|Any CPU
		{034B4BE8-DDD6-4F8F-B55E-4A352F46003F}.Debug|Any CPU.Build.0 = Debug|Any CPU
		{034B4BE8-DDD6-4F8F-B55E-4A352F46003F}.Release|Any CPU.ActiveCfg = Release|Any CPU
		{034B4BE8-DDD6-4F8F-B55E-4A352F46003F}.Release|Any CPU.Build.0 = Release|Any CPU
		{96947749-9BDA-4E8B-8024-7129BF8125A9}.Debug|Any CPU.ActiveCfg = Debug|Any CPU
		{96947749-9BDA-4E8B-8024-7129BF8125A9}.Debug|Any CPU.Build.0 = Debug|Any CPU
		{96947749-9BDA-4E8B-8024-7129BF8125A9}.Release|Any CPU.ActiveCfg = Release|Any CPU
		{96947749-9BDA-4E8B-8024-7129BF8125A9}.Release|Any CPU.Build.0 = Release|Any CPU
	EndGlobalSection
	GlobalSection(SolutionProperties) = preSolution
		HideSolutionNode = FALSE
	EndGlobalSection
	GlobalSection(ExtensibilityGlobals) = postSolution
		SolutionGuid = {EE09139C-5FEF-4EEB-B1F0-BB9A0D0651A7}
	EndGlobalSection
EndGlobal
